// !$*UTF8*$!
{
	archiveVersion = 1;
	classes = {
	};
	objectVersion = 46;
	objects = {

/* Begin PBXBuildFile section */
		98C441B8DCC375B975F387B8 /* LogsTableViewController.swift in Sources */ = {isa = PBXBuildFile; fileRef = 98C446ACEEDEEDE9E3462BC5 /* LogsTableViewController.swift */; };
		98C446E935CBEF5765F7007D /* TableViewCell.swift in Sources */ = {isa = PBXBuildFile; fileRef = 98C44C21EF09382A628C868A /* TableViewCell.swift */; };
		98C447E6D0BD8EDF28AAE684 /* AppsTableViewController.swift in Sources */ = {isa = PBXBuildFile; fileRef = 98C44FECC530031877EC625A /* AppsTableViewController.swift */; };
		98C44B283F8E054C02CE9F24 /* TableViewCell.xib in Resources */ = {isa = PBXBuildFile; fileRef = 98C446DD725BF0CE15FBEA6D /* TableViewCell.xib */; };
		98C44D66CC9B368B2253C96D /* LiveLogViewController.swift in Sources */ = {isa = PBXBuildFile; fileRef = 98C441B8059A4FD38B6B3A3B /* LiveLogViewController.swift */; };
		9F0255E220966AA3002C1BDE /* ArchiveLogViewController.swift in Sources */ = {isa = PBXBuildFile; fileRef = 9F0255E020966AA3002C1BDE /* ArchiveLogViewController.swift */; };
		9F0255E320966AA3002C1BDE /* ArchiveLogViewController.xib in Resources */ = {isa = PBXBuildFile; fileRef = 9F0255E120966AA3002C1BDE /* ArchiveLogViewController.xib */; };
		9F0325911F7286E2008F2BEE /* Coordinator.swift in Sources */ = {isa = PBXBuildFile; fileRef = 9F0325901F7286E2008F2BEE /* Coordinator.swift */; };
		9F0325931F728922008F2BEE /* RootViewCoordinator.swift in Sources */ = {isa = PBXBuildFile; fileRef = 9F0325921F728922008F2BEE /* RootViewCoordinator.swift */; };
		9F0325951F7289D4008F2BEE /* FrameworkCoordinator.swift in Sources */ = {isa = PBXBuildFile; fileRef = 9F0325941F7289D4008F2BEE /* FrameworkCoordinator.swift */; };
		9F0EF5EB222B303E0060BBB0 /* LogViewControllerTests.swift in Sources */ = {isa = PBXBuildFile; fileRef = 9FDE3CA42064522C00928FCF /* LogViewControllerTests.swift */; };
		9F0EF5EE222C76630060BBB0 /* SupportPackageCoordinatorTests.swift in Sources */ = {isa = PBXBuildFile; fileRef = 9F0EF5ED222C76630060BBB0 /* SupportPackageCoordinatorTests.swift */; };
		9F48D0C62210C76000DB9472 /* AppDelegate.swift in Sources */ = {isa = PBXBuildFile; fileRef = 9F48D0C52210C76000DB9472 /* AppDelegate.swift */; };
		9F48D0C82210C76000DB9472 /* ViewController.swift in Sources */ = {isa = PBXBuildFile; fileRef = 9F48D0C72210C76000DB9472 /* ViewController.swift */; };
		9F48D0DE2210C76000DB9472 /* main.swift in Sources */ = {isa = PBXBuildFile; fileRef = 9F48D0DD2210C76000DB9472 /* main.swift */; };
		9F48D0E72210C76000DB9472 /* Default-568h@2x.png in Resources */ = {isa = PBXBuildFile; fileRef = 9F48D0E62210C76000DB9472 /* Default-568h@2x.png */; };
		9F5449102225F756006A8393 /* LiveLogCoordinator.swift in Sources */ = {isa = PBXBuildFile; fileRef = 9F54490F2225F756006A8393 /* LiveLogCoordinator.swift */; };
		9F5449192225F757006A8393 /* AppsTableCoordinator.swift in Sources */ = {isa = PBXBuildFile; fileRef = 9F5449182225F757006A8393 /* AppsTableCoordinator.swift */; };
		9F57DACB222347FF0024FE5B /* QLogTests.swift in Sources */ = {isa = PBXBuildFile; fileRef = 9FA6874D2055DC0A00CD877D /* QLogTests.swift */; };
		9F57DACC222348150024FE5B /* TestAppDelegate.swift in Sources */ = {isa = PBXBuildFile; fileRef = 9F48D0DF2210C76000DB9472 /* TestAppDelegate.swift */; };
		9F57DAD8222348D10024FE5B /* FrameworkCoordinatorTests.swift in Sources */ = {isa = PBXBuildFile; fileRef = 9FF13ED7207AA89B00E5583B /* FrameworkCoordinatorTests.swift */; };
		9F57DAD9222348D50024FE5B /* UIApplicationTests.swift in Sources */ = {isa = PBXBuildFile; fileRef = 9F48D08F2210C76000DB9472 /* UIApplicationTests.swift */; };
		9F57DADA222348D80024FE5B /* GeneratedMocks.swift in Sources */ = {isa = PBXBuildFile; fileRef = 9FA687492055DB3800CD877D /* GeneratedMocks.swift */; };
		9F57DADB22247EC30024FE5B /* LogEntryTests.swift in Sources */ = {isa = PBXBuildFile; fileRef = 9FE85A091EFAA73700560920 /* LogEntryTests.swift */; };
		9F57DADC22247EDA0024FE5B /* LoggerTests.swift in Sources */ = {isa = PBXBuildFile; fileRef = 9F64F8C2203CD16E00328249 /* LoggerTests.swift */; };
		9F57DADD22247EEA0024FE5B /* AppCodeLoggerTests.swift in Sources */ = {isa = PBXBuildFile; fileRef = 9FFD182420460C6700C1814E /* AppCodeLoggerTests.swift */; };
		9F57DADE22247F060024FE5B /* XcodeLoggerTests.swift in Sources */ = {isa = PBXBuildFile; fileRef = 9F64F8C4203E253F00328249 /* XcodeLoggerTests.swift */; };
		9F57DADF22247F200024FE5B /* FileLoggerTests.swift in Sources */ = {isa = PBXBuildFile; fileRef = 9FFD18262047629100C1814E /* FileLoggerTests.swift */; };
		9F57DAE022247F540024FE5B /* UiLoggerTests.swift in Sources */ = {isa = PBXBuildFile; fileRef = 9FFD18282048B22D00C1814E /* UiLoggerTests.swift */; };
		9F57DAE22225EE4A0024FE5B /* AppsTableViewControllerTests.swift in Sources */ = {isa = PBXBuildFile; fileRef = 9FDE3CBB206EE1C800928FCF /* AppsTableViewControllerTests.swift */; };
		9F57DAE32225F5710024FE5B /* LogsTableViewControllerTests.swift in Sources */ = {isa = PBXBuildFile; fileRef = 9F8D33EA207572C5001657DA /* LogsTableViewControllerTests.swift */; };
		9F57DAE42225F58D0024FE5B /* ArchiveLogViewControllerTests.swift in Sources */ = {isa = PBXBuildFile; fileRef = 9FAC409320A4E2EC0037B2DC /* ArchiveLogViewControllerTests.swift */; };
		9F57DAE52225F5B70024FE5B /* SupportPackageViewControllerTests.swift in Sources */ = {isa = PBXBuildFile; fileRef = 9FDE3CB8206C342900928FCF /* SupportPackageViewControllerTests.swift */; };
		9F57DAE822272BEF0024FE5B /* AppsTableCoordinatorTests.swift in Sources */ = {isa = PBXBuildFile; fileRef = 9F57DAE722272BEF0024FE5B /* AppsTableCoordinatorTests.swift */; };
		9F57DAEA222885600024FE5B /* LogsTableCoordinatorTests.swift in Sources */ = {isa = PBXBuildFile; fileRef = 9F57DAE9222885600024FE5B /* LogsTableCoordinatorTests.swift */; };
		9F57DAEC222885600024FE5B /* ArchiveLogCoordinatorTests.swift in Sources */ = {isa = PBXBuildFile; fileRef = 9F57DAEB222885600024FE5B /* ArchiveLogCoordinatorTests.swift */; };
		9F57DAEF222B2E120024FE5B /* LiveLogCoordinatorTests.swift in Sources */ = {isa = PBXBuildFile; fileRef = 9F57DAEE222B2E120024FE5B /* LiveLogCoordinatorTests.swift */; };
		9F6B9600228F4E91006433F0 /* Zip.framework in Frameworks */ = {isa = PBXBuildFile; fileRef = 9F6B95FF228F4E91006433F0 /* Zip.framework */; };
		9F6B9602228F4EB8006433F0 /* Cuckoo.framework in Frameworks */ = {isa = PBXBuildFile; fileRef = 9F6B9601228F4EB8006433F0 /* Cuckoo.framework */; };
		9F9A5EB5221A0396006A105B /* SupportPackageCoordinator.swift in Sources */ = {isa = PBXBuildFile; fileRef = 9F9A5EB4221A0396006A105B /* SupportPackageCoordinator.swift */; };
		9F9A5EC1221B73E5006A105B /* ArchiveLogCoordinator.swift in Sources */ = {isa = PBXBuildFile; fileRef = 9F9A5EC0221B73E5006A105B /* ArchiveLogCoordinator.swift */; };
		9F9A5EC3221B75B5006A105B /* LogsTableCoordinator.swift in Sources */ = {isa = PBXBuildFile; fileRef = 9F9A5EC2221B75B5006A105B /* LogsTableCoordinator.swift */; };
		9FE85A051EFAA73700560920 /* QLog.framework in Frameworks */ = {isa = PBXBuildFile; fileRef = 9FE859FB1EFAA73600560920 /* QLog.framework */; };
		9FE85A0C1EFAA73700560920 /* QLog.h in Headers */ = {isa = PBXBuildFile; fileRef = 9FE859FE1EFAA73600560920 /* QLog.h */; settings = {ATTRIBUTES = (Public, ); }; };
		9FE85A3F1EFAA85500560920 /* QLog.swift in Sources */ = {isa = PBXBuildFile; fileRef = 9FE85A3E1EFAA85500560920 /* QLog.swift */; };
		9FE85A671EFACEB300560920 /* LiveLogViewController.xib in Resources */ = {isa = PBXBuildFile; fileRef = 9FE85A651EFACEB300560920 /* LiveLogViewController.xib */; };
		9FF41616202BB67A00566B93 /* UIApplication.swift in Sources */ = {isa = PBXBuildFile; fileRef = 9FF41615202BB67A00566B93 /* UIApplication.swift */; };
		9FF4161B202BB90E00566B93 /* LogEntry.swift in Sources */ = {isa = PBXBuildFile; fileRef = 9FF4161A202BB90E00566B93 /* LogEntry.swift */; };
		9FF4161D202BBC7F00566B93 /* Logger.swift in Sources */ = {isa = PBXBuildFile; fileRef = 9FF4161C202BBC7F00566B93 /* Logger.swift */; };
		9FF4161F202BBCBF00566B93 /* XcodeLogger.swift in Sources */ = {isa = PBXBuildFile; fileRef = 9FF4161E202BBCBF00566B93 /* XcodeLogger.swift */; };
		9FF41621202BC71800566B93 /* LogLevel.swift in Sources */ = {isa = PBXBuildFile; fileRef = 9FF41620202BC71800566B93 /* LogLevel.swift */; };
		9FF41642202E00A400566B93 /* FileLogger.swift in Sources */ = {isa = PBXBuildFile; fileRef = 9FF41641202E00A400566B93 /* FileLogger.swift */; };
		9FF41644202E012100566B93 /* UiLogger.swift in Sources */ = {isa = PBXBuildFile; fileRef = 9FF41643202E012100566B93 /* UiLogger.swift */; };
		9FF41646202E14A500566B93 /* AppCodeLogger.swift in Sources */ = {isa = PBXBuildFile; fileRef = 9FF41645202E14A400566B93 /* AppCodeLogger.swift */; };
		D270AF6A2099B1AD0059AE0F /* SupportPackageViewController.xib in Resources */ = {isa = PBXBuildFile; fileRef = D270AF682099B1AD0059AE0F /* SupportPackageViewController.xib */; };
		D270AF6B2099B1AD0059AE0F /* SupportPackageViewController.swift in Sources */ = {isa = PBXBuildFile; fileRef = D270AF692099B1AD0059AE0F /* SupportPackageViewController.swift */; };
		D2B472CA1F6ABBF700823E27 /* CornerSwipeController.swift in Sources */ = {isa = PBXBuildFile; fileRef = D2B472C91F6ABBF700823E27 /* CornerSwipeController.swift */; };
/* End PBXBuildFile section */

/* Begin PBXContainerItemProxy section */
		9F48D0E12210C76000DB9472 /* PBXContainerItemProxy */ = {
			isa = PBXContainerItemProxy;
			containerPortal = 9FE859F21EFAA73600560920 /* Project object */;
			proxyType = 1;
			remoteGlobalIDString = 9F48D0C22210C76000DB9472;
			remoteInfo = QLogTestsHostApp;
		};
		9FE85A061EFAA73700560920 /* PBXContainerItemProxy */ = {
			isa = PBXContainerItemProxy;
			containerPortal = 9FE859F21EFAA73600560920 /* Project object */;
			proxyType = 1;
			remoteGlobalIDString = 9FE859FA1EFAA73600560920;
			remoteInfo = QLog;
		};
/* End PBXContainerItemProxy section */

/* Begin PBXFileReference section */
		98C441B8059A4FD38B6B3A3B /* LiveLogViewController.swift */ = {isa = PBXFileReference; fileEncoding = 4; lastKnownFileType = sourcecode.swift; path = LiveLogViewController.swift; sourceTree = "<group>"; };
		98C446ACEEDEEDE9E3462BC5 /* LogsTableViewController.swift */ = {isa = PBXFileReference; fileEncoding = 4; lastKnownFileType = sourcecode.swift; path = LogsTableViewController.swift; sourceTree = "<group>"; };
		98C446DD725BF0CE15FBEA6D /* TableViewCell.xib */ = {isa = PBXFileReference; lastKnownFileType = file.xib; path = TableViewCell.xib; sourceTree = "<group>"; };
		98C44C21EF09382A628C868A /* TableViewCell.swift */ = {isa = PBXFileReference; fileEncoding = 4; lastKnownFileType = sourcecode.swift; path = TableViewCell.swift; sourceTree = "<group>"; };
		98C44FECC530031877EC625A /* AppsTableViewController.swift */ = {isa = PBXFileReference; fileEncoding = 4; lastKnownFileType = sourcecode.swift; path = AppsTableViewController.swift; sourceTree = "<group>"; };
		9F0255E020966AA3002C1BDE /* ArchiveLogViewController.swift */ = {isa = PBXFileReference; lastKnownFileType = sourcecode.swift; path = ArchiveLogViewController.swift; sourceTree = "<group>"; };
		9F0255E120966AA3002C1BDE /* ArchiveLogViewController.xib */ = {isa = PBXFileReference; lastKnownFileType = file.xib; path = ArchiveLogViewController.xib; sourceTree = "<group>"; };
		9F0325901F7286E2008F2BEE /* Coordinator.swift */ = {isa = PBXFileReference; fileEncoding = 4; lastKnownFileType = sourcecode.swift; path = Coordinator.swift; sourceTree = "<group>"; };
		9F0325921F728922008F2BEE /* RootViewCoordinator.swift */ = {isa = PBXFileReference; fileEncoding = 4; lastKnownFileType = sourcecode.swift; path = RootViewCoordinator.swift; sourceTree = "<group>"; };
		9F0325941F7289D4008F2BEE /* FrameworkCoordinator.swift */ = {isa = PBXFileReference; fileEncoding = 4; lastKnownFileType = sourcecode.swift; path = FrameworkCoordinator.swift; sourceTree = "<group>"; };
		9F0EF5ED222C76630060BBB0 /* SupportPackageCoordinatorTests.swift */ = {isa = PBXFileReference; lastKnownFileType = sourcecode.swift; path = SupportPackageCoordinatorTests.swift; sourceTree = "<group>"; };
		9F48D08F2210C76000DB9472 /* UIApplicationTests.swift */ = {isa = PBXFileReference; lastKnownFileType = sourcecode.swift; path = UIApplicationTests.swift; sourceTree = "<group>"; };
		9F48D0C32210C76000DB9472 /* QLogTestsHostApp.app */ = {isa = PBXFileReference; explicitFileType = wrapper.application; includeInIndex = 0; path = QLogTestsHostApp.app; sourceTree = BUILT_PRODUCTS_DIR; };
		9F48D0C52210C76000DB9472 /* AppDelegate.swift */ = {isa = PBXFileReference; lastKnownFileType = sourcecode.swift; path = AppDelegate.swift; sourceTree = "<group>"; };
		9F48D0C72210C76000DB9472 /* ViewController.swift */ = {isa = PBXFileReference; lastKnownFileType = sourcecode.swift; path = ViewController.swift; sourceTree = "<group>"; };
		9F48D0D12210C76000DB9472 /* Info.plist */ = {isa = PBXFileReference; lastKnownFileType = text.plist.xml; path = Info.plist; sourceTree = "<group>"; };
		9F48D0DD2210C76000DB9472 /* main.swift */ = {isa = PBXFileReference; lastKnownFileType = sourcecode.swift; path = main.swift; sourceTree = "<group>"; };
		9F48D0DF2210C76000DB9472 /* TestAppDelegate.swift */ = {isa = PBXFileReference; lastKnownFileType = sourcecode.swift; path = TestAppDelegate.swift; sourceTree = "<group>"; };
		9F48D0E62210C76000DB9472 /* Default-568h@2x.png */ = {isa = PBXFileReference; lastKnownFileType = image.png; path = "Default-568h@2x.png"; sourceTree = "<group>"; };
		9F4BC0E32093CB7B00BDA8EB /* .swiftlint.yml */ = {isa = PBXFileReference; lastKnownFileType = text; path = .swiftlint.yml; sourceTree = "<group>"; };
		9F4BC0E72093CB9B00BDA8EB /* .swiftlint.yml */ = {isa = PBXFileReference; lastKnownFileType = text; path = .swiftlint.yml; sourceTree = "<group>"; };
		9F54490F2225F756006A8393 /* LiveLogCoordinator.swift */ = {isa = PBXFileReference; lastKnownFileType = sourcecode.swift; path = LiveLogCoordinator.swift; sourceTree = "<group>"; };
		9F5449182225F757006A8393 /* AppsTableCoordinator.swift */ = {isa = PBXFileReference; lastKnownFileType = sourcecode.swift; path = AppsTableCoordinator.swift; sourceTree = "<group>"; };
		9F57DAE722272BEF0024FE5B /* AppsTableCoordinatorTests.swift */ = {isa = PBXFileReference; lastKnownFileType = sourcecode.swift; path = AppsTableCoordinatorTests.swift; sourceTree = "<group>"; };
		9F57DAE9222885600024FE5B /* LogsTableCoordinatorTests.swift */ = {isa = PBXFileReference; lastKnownFileType = sourcecode.swift; path = LogsTableCoordinatorTests.swift; sourceTree = "<group>"; };
		9F57DAEB222885600024FE5B /* ArchiveLogCoordinatorTests.swift */ = {isa = PBXFileReference; lastKnownFileType = sourcecode.swift; path = ArchiveLogCoordinatorTests.swift; sourceTree = "<group>"; };
		9F57DAEE222B2E120024FE5B /* LiveLogCoordinatorTests.swift */ = {isa = PBXFileReference; lastKnownFileType = sourcecode.swift; path = LiveLogCoordinatorTests.swift; sourceTree = "<group>"; };
		9F64F8C2203CD16E00328249 /* LoggerTests.swift */ = {isa = PBXFileReference; lastKnownFileType = sourcecode.swift; path = LoggerTests.swift; sourceTree = "<group>"; };
		9F64F8C4203E253F00328249 /* XcodeLoggerTests.swift */ = {isa = PBXFileReference; lastKnownFileType = sourcecode.swift; path = XcodeLoggerTests.swift; sourceTree = "<group>"; };
		9F6B95F6228F4BA0006433F0 /* Cartfile */ = {isa = PBXFileReference; lastKnownFileType = text; path = Cartfile; sourceTree = SOURCE_ROOT; };
		9F6B95FF228F4E91006433F0 /* Zip.framework */ = {isa = PBXFileReference; lastKnownFileType = wrapper.framework; name = Zip.framework; path = Carthage/Build/iOS/Zip.framework; sourceTree = "<group>"; };
		9F6B9601228F4EB8006433F0 /* Cuckoo.framework */ = {isa = PBXFileReference; lastKnownFileType = wrapper.framework; name = Cuckoo.framework; path = Carthage/Build/iOS/Cuckoo.framework; sourceTree = "<group>"; };
		9F8D33EA207572C5001657DA /* LogsTableViewControllerTests.swift */ = {isa = PBXFileReference; lastKnownFileType = sourcecode.swift; path = LogsTableViewControllerTests.swift; sourceTree = "<group>"; };
		9F9A5EB4221A0396006A105B /* SupportPackageCoordinator.swift */ = {isa = PBXFileReference; lastKnownFileType = sourcecode.swift; path = SupportPackageCoordinator.swift; sourceTree = "<group>"; };
		9F9A5EC0221B73E5006A105B /* ArchiveLogCoordinator.swift */ = {isa = PBXFileReference; lastKnownFileType = sourcecode.swift; path = ArchiveLogCoordinator.swift; sourceTree = "<group>"; };
		9F9A5EC2221B75B5006A105B /* LogsTableCoordinator.swift */ = {isa = PBXFileReference; lastKnownFileType = sourcecode.swift; path = LogsTableCoordinator.swift; sourceTree = "<group>"; };
		9FA687492055DB3800CD877D /* GeneratedMocks.swift */ = {isa = PBXFileReference; fileEncoding = 4; lastKnownFileType = sourcecode.swift; path = GeneratedMocks.swift; sourceTree = "<group>"; };
		9FA6874D2055DC0A00CD877D /* QLogTests.swift */ = {isa = PBXFileReference; lastKnownFileType = sourcecode.swift; path = QLogTests.swift; sourceTree = "<group>"; };
		9FAC409320A4E2EC0037B2DC /* ArchiveLogViewControllerTests.swift */ = {isa = PBXFileReference; lastKnownFileType = sourcecode.swift; path = ArchiveLogViewControllerTests.swift; sourceTree = "<group>"; };
		9FDE3CA42064522C00928FCF /* LogViewControllerTests.swift */ = {isa = PBXFileReference; lastKnownFileType = sourcecode.swift; path = LogViewControllerTests.swift; sourceTree = "<group>"; };
		9FDE3CB8206C342900928FCF /* SupportPackageViewControllerTests.swift */ = {isa = PBXFileReference; lastKnownFileType = sourcecode.swift; path = SupportPackageViewControllerTests.swift; sourceTree = "<group>"; };
		9FDE3CBB206EE1C800928FCF /* AppsTableViewControllerTests.swift */ = {isa = PBXFileReference; lastKnownFileType = sourcecode.swift; path = AppsTableViewControllerTests.swift; sourceTree = "<group>"; };
		9FE859FB1EFAA73600560920 /* QLog.framework */ = {isa = PBXFileReference; explicitFileType = wrapper.framework; includeInIndex = 0; path = QLog.framework; sourceTree = BUILT_PRODUCTS_DIR; };
		9FE859FE1EFAA73600560920 /* QLog.h */ = {isa = PBXFileReference; lastKnownFileType = sourcecode.c.h; path = QLog.h; sourceTree = "<group>"; };
		9FE859FF1EFAA73600560920 /* Info.plist */ = {isa = PBXFileReference; lastKnownFileType = text.plist.xml; path = Info.plist; sourceTree = "<group>"; };
		9FE85A041EFAA73700560920 /* QLogTests.xctest */ = {isa = PBXFileReference; explicitFileType = wrapper.cfbundle; includeInIndex = 0; path = QLogTests.xctest; sourceTree = BUILT_PRODUCTS_DIR; };
		9FE85A091EFAA73700560920 /* LogEntryTests.swift */ = {isa = PBXFileReference; lastKnownFileType = sourcecode.swift; path = LogEntryTests.swift; sourceTree = "<group>"; };
		9FE85A0B1EFAA73700560920 /* Info.plist */ = {isa = PBXFileReference; lastKnownFileType = text.plist.xml; path = Info.plist; sourceTree = "<group>"; };
		9FE85A3E1EFAA85500560920 /* QLog.swift */ = {isa = PBXFileReference; fileEncoding = 4; lastKnownFileType = sourcecode.swift; path = QLog.swift; sourceTree = "<group>"; };
		9FE85A651EFACEB300560920 /* LiveLogViewController.xib */ = {isa = PBXFileReference; fileEncoding = 4; lastKnownFileType = file.xib; path = LiveLogViewController.xib; sourceTree = "<group>"; };
		9FF13ED7207AA89B00E5583B /* FrameworkCoordinatorTests.swift */ = {isa = PBXFileReference; lastKnownFileType = sourcecode.swift; path = FrameworkCoordinatorTests.swift; sourceTree = "<group>"; };
		9FF41615202BB67A00566B93 /* UIApplication.swift */ = {isa = PBXFileReference; lastKnownFileType = sourcecode.swift; path = UIApplication.swift; sourceTree = "<group>"; };
		9FF4161A202BB90E00566B93 /* LogEntry.swift */ = {isa = PBXFileReference; lastKnownFileType = sourcecode.swift; path = LogEntry.swift; sourceTree = "<group>"; };
		9FF4161C202BBC7F00566B93 /* Logger.swift */ = {isa = PBXFileReference; lastKnownFileType = sourcecode.swift; path = Logger.swift; sourceTree = "<group>"; };
		9FF4161E202BBCBF00566B93 /* XcodeLogger.swift */ = {isa = PBXFileReference; lastKnownFileType = sourcecode.swift; path = XcodeLogger.swift; sourceTree = "<group>"; };
		9FF41620202BC71800566B93 /* LogLevel.swift */ = {isa = PBXFileReference; lastKnownFileType = sourcecode.swift; path = LogLevel.swift; sourceTree = "<group>"; };
		9FF41641202E00A400566B93 /* FileLogger.swift */ = {isa = PBXFileReference; fileEncoding = 4; lastKnownFileType = sourcecode.swift; path = FileLogger.swift; sourceTree = "<group>"; };
		9FF41643202E012100566B93 /* UiLogger.swift */ = {isa = PBXFileReference; fileEncoding = 4; lastKnownFileType = sourcecode.swift; path = UiLogger.swift; sourceTree = "<group>"; };
		9FF41645202E14A400566B93 /* AppCodeLogger.swift */ = {isa = PBXFileReference; fileEncoding = 4; lastKnownFileType = sourcecode.swift; path = AppCodeLogger.swift; sourceTree = "<group>"; };
		9FFD182420460C6700C1814E /* AppCodeLoggerTests.swift */ = {isa = PBXFileReference; fileEncoding = 4; lastKnownFileType = sourcecode.swift; path = AppCodeLoggerTests.swift; sourceTree = "<group>"; };
		9FFD18262047629100C1814E /* FileLoggerTests.swift */ = {isa = PBXFileReference; fileEncoding = 4; lastKnownFileType = sourcecode.swift; path = FileLoggerTests.swift; sourceTree = "<group>"; };
		9FFD18282048B22D00C1814E /* UiLoggerTests.swift */ = {isa = PBXFileReference; fileEncoding = 4; lastKnownFileType = sourcecode.swift; path = UiLoggerTests.swift; sourceTree = "<group>"; };
		D270AF682099B1AD0059AE0F /* SupportPackageViewController.xib */ = {isa = PBXFileReference; lastKnownFileType = file.xib; path = SupportPackageViewController.xib; sourceTree = "<group>"; };
		D270AF692099B1AD0059AE0F /* SupportPackageViewController.swift */ = {isa = PBXFileReference; lastKnownFileType = sourcecode.swift; path = SupportPackageViewController.swift; sourceTree = "<group>"; };
		D2B472C91F6ABBF700823E27 /* CornerSwipeController.swift */ = {isa = PBXFileReference; fileEncoding = 4; lastKnownFileType = sourcecode.swift; path = CornerSwipeController.swift; sourceTree = "<group>"; };
/* End PBXFileReference section */

/* Begin PBXFrameworksBuildPhase section */
		9F48D0C02210C76000DB9472 /* Frameworks */ = {
			isa = PBXFrameworksBuildPhase;
			buildActionMask = 2147483647;
			files = (
			);
			runOnlyForDeploymentPostprocessing = 0;
		};
		9FE859F71EFAA73600560920 /* Frameworks */ = {
			isa = PBXFrameworksBuildPhase;
			buildActionMask = 2147483647;
			files = (
				9F6B9600228F4E91006433F0 /* Zip.framework in Frameworks */,
			);
			runOnlyForDeploymentPostprocessing = 0;
		};
		9FE85A011EFAA73700560920 /* Frameworks */ = {
			isa = PBXFrameworksBuildPhase;
			buildActionMask = 2147483647;
			files = (
				9F6B9602228F4EB8006433F0 /* Cuckoo.framework in Frameworks */,
				9FE85A051EFAA73700560920 /* QLog.framework in Frameworks */,
			);
			runOnlyForDeploymentPostprocessing = 0;
		};
/* End PBXFrameworksBuildPhase section */

/* Begin PBXGroup section */
		9F03258E1F728555008F2BEE /* Archive */ = {
			isa = PBXGroup;
			children = (
				98C44FECC530031877EC625A /* AppsTableViewController.swift */,
				98C446ACEEDEEDE9E3462BC5 /* LogsTableViewController.swift */,
				9F0255E020966AA3002C1BDE /* ArchiveLogViewController.swift */,
				9F0255E120966AA3002C1BDE /* ArchiveLogViewController.xib */,
			);
			name = Archive;
			sourceTree = "<group>";
		};
		9F03258F1F728577008F2BEE /* Live */ = {
			isa = PBXGroup;
			children = (
				98C441B8059A4FD38B6B3A3B /* LiveLogViewController.swift */,
				9FE85A651EFACEB300560920 /* LiveLogViewController.xib */,
			);
			name = Live;
			sourceTree = "<group>";
		};
		9F0325961F728B37008F2BEE /* View Controllers */ = {
			isa = PBXGroup;
			children = (
				9F03258F1F728577008F2BEE /* Live */,
				9F03258E1F728555008F2BEE /* Archive */,
				9F03259C1F72B2ED008F2BEE /* Support Package */,
			);
			name = "View Controllers";
			sourceTree = "<group>";
		};
		9F0325971F728B4A008F2BEE /* Coordinators */ = {
			isa = PBXGroup;
			children = (
				9F0325901F7286E2008F2BEE /* Coordinator.swift */,
				9F0325921F728922008F2BEE /* RootViewCoordinator.swift */,
				9F0325941F7289D4008F2BEE /* FrameworkCoordinator.swift */,
				9F9A5EBD221B733A006A105B /* Live */,
				9F9A5EBE221B7347006A105B /* Archive */,
				9F9A5EBF221B7361006A105B /* Support Package */,
			);
			name = Coordinators;
			sourceTree = "<group>";
		};
		9F03259C1F72B2ED008F2BEE /* Support Package */ = {
			isa = PBXGroup;
			children = (
				D270AF692099B1AD0059AE0F /* SupportPackageViewController.swift */,
				D270AF682099B1AD0059AE0F /* SupportPackageViewController.xib */,
			);
			name = "Support Package";
			sourceTree = "<group>";
		};
		9F0EF5EC222C76470060BBB0 /* Support Package */ = {
			isa = PBXGroup;
			children = (
				9F0EF5ED222C76630060BBB0 /* SupportPackageCoordinatorTests.swift */,
			);
			name = "Support Package";
			sourceTree = "<group>";
		};
		9F3CF4CF207AA84400D7B737 /* Coordinators */ = {
			isa = PBXGroup;
			children = (
				9F57DAE622272BCA0024FE5B /* Archive */,
				9F57DAED222B2DFE0024FE5B /* Live */,
				9F0EF5EC222C76470060BBB0 /* Support Package */,
				9FF13ED7207AA89B00E5583B /* FrameworkCoordinatorTests.swift */,
			);
			name = Coordinators;
			sourceTree = "<group>";
		};
		9F48D08E2210C73200DB9472 /* Util */ = {
			isa = PBXGroup;
			children = (
				9F48D08F2210C76000DB9472 /* UIApplicationTests.swift */,
			);
			name = Util;
			sourceTree = "<group>";
		};
		9F48D0C42210C76000DB9472 /* QLogTestsHostApp */ = {
			isa = PBXGroup;
			children = (
				9F48D0E62210C76000DB9472 /* Default-568h@2x.png */,
				9F48D0DC2210C76000DB9472 /* Main */,
				9F48D0E32210C76000DB9472 /* View Controllers */,
				9F48D0D12210C76000DB9472 /* Info.plist */,
			);
			path = QLogTestsHostApp;
			sourceTree = "<group>";
		};
		9F48D0DC2210C76000DB9472 /* Main */ = {
			isa = PBXGroup;
			children = (
				9F48D0DD2210C76000DB9472 /* main.swift */,
				9F48D0C52210C76000DB9472 /* AppDelegate.swift */,
			);
			path = Main;
			sourceTree = "<group>";
		};
		9F48D0E32210C76000DB9472 /* View Controllers */ = {
			isa = PBXGroup;
			children = (
				9F48D0C72210C76000DB9472 /* ViewController.swift */,
			);
			path = "View Controllers";
			sourceTree = "<group>";
		};
		9F57DAE622272BCA0024FE5B /* Archive */ = {
			isa = PBXGroup;
			children = (
				9F57DAE722272BEF0024FE5B /* AppsTableCoordinatorTests.swift */,
				9F57DAE9222885600024FE5B /* LogsTableCoordinatorTests.swift */,
				9F57DAEB222885600024FE5B /* ArchiveLogCoordinatorTests.swift */,
			);
			name = Archive;
			sourceTree = "<group>";
		};
		9F57DAED222B2DFE0024FE5B /* Live */ = {
			isa = PBXGroup;
			children = (
				9F57DAEE222B2E120024FE5B /* LiveLogCoordinatorTests.swift */,
			);
			name = Live;
			sourceTree = "<group>";
		};
		9F64F8A2203B730000328249 /* Loggers */ = {
			isa = PBXGroup;
			children = (
				9FE85A091EFAA73700560920 /* LogEntryTests.swift */,
				9F64F8C2203CD16E00328249 /* LoggerTests.swift */,
				9FFD182420460C6700C1814E /* AppCodeLoggerTests.swift */,
				9F64F8C4203E253F00328249 /* XcodeLoggerTests.swift */,
				9FFD18262047629100C1814E /* FileLoggerTests.swift */,
				9FFD18282048B22D00C1814E /* UiLoggerTests.swift */,
			);
			name = Loggers;
			sourceTree = "<group>";
		};
		9F6B95FE228F4E90006433F0 /* Frameworks */ = {
			isa = PBXGroup;
			children = (
				9F6B9601228F4EB8006433F0 /* Cuckoo.framework */,
				9F6B95FF228F4E91006433F0 /* Zip.framework */,
			);
			name = Frameworks;
			sourceTree = "<group>";
		};
		9F9A5EBD221B733A006A105B /* Live */ = {
			isa = PBXGroup;
			children = (
				9F54490F2225F756006A8393 /* LiveLogCoordinator.swift */,
			);
			name = Live;
			sourceTree = "<group>";
		};
		9F9A5EBE221B7347006A105B /* Archive */ = {
			isa = PBXGroup;
			children = (
				9F5449182225F757006A8393 /* AppsTableCoordinator.swift */,
				9F9A5EC2221B75B5006A105B /* LogsTableCoordinator.swift */,
				9F9A5EC0221B73E5006A105B /* ArchiveLogCoordinator.swift */,
			);
			name = Archive;
			sourceTree = "<group>";
		};
		9F9A5EBF221B7361006A105B /* Support Package */ = {
			isa = PBXGroup;
			children = (
				9F9A5EB4221A0396006A105B /* SupportPackageCoordinator.swift */,
			);
			name = "Support Package";
			sourceTree = "<group>";
		};
		9F9A5EC42221F5DD006A105B /* Table View Cells */ = {
			isa = PBXGroup;
			children = (
				98C44C21EF09382A628C868A /* TableViewCell.swift */,
				98C446DD725BF0CE15FBEA6D /* TableViewCell.xib */,
			);
			name = "Table View Cells";
			sourceTree = "<group>";
		};
		9FAC408B20A39CC70037B2DC /* Main */ = {
			isa = PBXGroup;
			children = (
				9FA6874D2055DC0A00CD877D /* QLogTests.swift */,
				9F48D0DF2210C76000DB9472 /* TestAppDelegate.swift */,
			);
			name = Main;
			sourceTree = "<group>";
		};
		9FDE3CA2206451F900928FCF /* View Controllers */ = {
			isa = PBXGroup;
			children = (
				9FDE3CA32064520A00928FCF /* Live */,
				9FDE3CBA206EE1A200928FCF /* Archive */,
				9FDE3CB7206C341000928FCF /* Support Package */,
			);
			name = "View Controllers";
			sourceTree = "<group>";
		};
		9FDE3CA32064520A00928FCF /* Live */ = {
			isa = PBXGroup;
			children = (
				9FDE3CA42064522C00928FCF /* LogViewControllerTests.swift */,
			);
			name = Live;
			sourceTree = "<group>";
		};
		9FDE3CB7206C341000928FCF /* Support Package */ = {
			isa = PBXGroup;
			children = (
				9FDE3CB8206C342900928FCF /* SupportPackageViewControllerTests.swift */,
			);
			name = "Support Package";
			sourceTree = "<group>";
		};
		9FDE3CBA206EE1A200928FCF /* Archive */ = {
			isa = PBXGroup;
			children = (
				9FDE3CBB206EE1C800928FCF /* AppsTableViewControllerTests.swift */,
				9F8D33EA207572C5001657DA /* LogsTableViewControllerTests.swift */,
				9FAC409320A4E2EC0037B2DC /* ArchiveLogViewControllerTests.swift */,
			);
			name = Archive;
			sourceTree = "<group>";
		};
		9FE859F11EFAA73600560920 = {
			isa = PBXGroup;
			children = (
				9FE859FD1EFAA73600560920 /* QLog */,
				9FE85A081EFAA73700560920 /* QLogTests */,
				9F48D0C42210C76000DB9472 /* QLogTestsHostApp */,
				9FE859FC1EFAA73600560920 /* Products */,
				9F6B95FE228F4E90006433F0 /* Frameworks */,
			);
			sourceTree = "<group>";
		};
		9FE859FC1EFAA73600560920 /* Products */ = {
			isa = PBXGroup;
			children = (
				9FE859FB1EFAA73600560920 /* QLog.framework */,
				9FE85A041EFAA73700560920 /* QLogTests.xctest */,
				9F48D0C32210C76000DB9472 /* QLogTestsHostApp.app */,
			);
			name = Products;
			sourceTree = "<group>";
		};
		9FE859FD1EFAA73600560920 /* QLog */ = {
			isa = PBXGroup;
			children = (
				9FF41617202BB73900566B93 /* Main */,
				9FF41618202BB76100566B93 /* Controllers */,
				9F0325971F728B4A008F2BEE /* Coordinators */,
				9F0325961F728B37008F2BEE /* View Controllers */,
				9F9A5EC42221F5DD006A105B /* Table View Cells */,
				9FF41619202BB90000566B93 /* Loggers */,
				9FF41614202BB65900566B93 /* Util */,
				9FE859FE1EFAA73600560920 /* QLog.h */,
				9FE859FF1EFAA73600560920 /* Info.plist */,
				9F4BC0E32093CB7B00BDA8EB /* .swiftlint.yml */,
			);
			path = QLog;
			sourceTree = "<group>";
		};
		9FE85A081EFAA73700560920 /* QLogTests */ = {
			isa = PBXGroup;
			children = (
				9FAC408B20A39CC70037B2DC /* Main */,
				9F3CF4CF207AA84400D7B737 /* Coordinators */,
				9FDE3CA2206451F900928FCF /* View Controllers */,
				9F64F8A2203B730000328249 /* Loggers */,
				9F48D08E2210C73200DB9472 /* Util */,
				9FA687492055DB3800CD877D /* GeneratedMocks.swift */,
				9FE85A0B1EFAA73700560920 /* Info.plist */,
				9F4BC0E72093CB9B00BDA8EB /* .swiftlint.yml */,
				9F6B95F6228F4BA0006433F0 /* Cartfile */,
			);
			path = QLogTests;
			sourceTree = "<group>";
		};
		9FF41614202BB65900566B93 /* Util */ = {
			isa = PBXGroup;
			children = (
				9FF41615202BB67A00566B93 /* UIApplication.swift */,
			);
			name = Util;
			sourceTree = "<group>";
		};
		9FF41617202BB73900566B93 /* Main */ = {
			isa = PBXGroup;
			children = (
				9FE85A3E1EFAA85500560920 /* QLog.swift */,
			);
			name = Main;
			sourceTree = "<group>";
		};
		9FF41618202BB76100566B93 /* Controllers */ = {
			isa = PBXGroup;
			children = (
				D2B472C91F6ABBF700823E27 /* CornerSwipeController.swift */,
			);
			name = Controllers;
			sourceTree = "<group>";
		};
		9FF41619202BB90000566B93 /* Loggers */ = {
			isa = PBXGroup;
			children = (
				9FF41620202BC71800566B93 /* LogLevel.swift */,
				9FF4161A202BB90E00566B93 /* LogEntry.swift */,
				9FF4161C202BBC7F00566B93 /* Logger.swift */,
				9FF41645202E14A400566B93 /* AppCodeLogger.swift */,
				9FF4161E202BBCBF00566B93 /* XcodeLogger.swift */,
				9FF41641202E00A400566B93 /* FileLogger.swift */,
				9FF41643202E012100566B93 /* UiLogger.swift */,
			);
			name = Loggers;
			sourceTree = "<group>";
		};
/* End PBXGroup section */

/* Begin PBXHeadersBuildPhase section */
		9FE859F81EFAA73600560920 /* Headers */ = {
			isa = PBXHeadersBuildPhase;
			buildActionMask = 2147483647;
			files = (
				9FE85A0C1EFAA73700560920 /* QLog.h in Headers */,
			);
			runOnlyForDeploymentPostprocessing = 0;
		};
/* End PBXHeadersBuildPhase section */

/* Begin PBXNativeTarget section */
		9F48D0C22210C76000DB9472 /* QLogTestsHostApp */ = {
			isa = PBXNativeTarget;
			buildConfigurationList = 9F48D0DB2210C76000DB9472 /* Build configuration list for PBXNativeTarget "QLogTestsHostApp" */;
			buildPhases = (
				9F48D0BF2210C76000DB9472 /* Sources */,
				9F48D0C02210C76000DB9472 /* Frameworks */,
				9F48D0C12210C76000DB9472 /* Resources */,
			);
			buildRules = (
			);
			dependencies = (
			);
			name = QLogTestsHostApp;
			productName = QLogTestsHostApp;
			productReference = 9F48D0C32210C76000DB9472 /* QLogTestsHostApp.app */;
			productType = "com.apple.product-type.application";
		};
		9FE859FA1EFAA73600560920 /* QLog */ = {
			isa = PBXNativeTarget;
			buildConfigurationList = 9FE85A0F1EFAA73700560920 /* Build configuration list for PBXNativeTarget "QLog" */;
			buildPhases = (
				9F6B9605228F57F8006433F0 /* ShellScript */,
				9FE859F61EFAA73600560920 /* Sources */,
				9FE859F71EFAA73600560920 /* Frameworks */,
				9FE859F81EFAA73600560920 /* Headers */,
				9FE859F91EFAA73600560920 /* Resources */,
				9F0325AF1F731560008F2BEE /* ShellScript */,
			);
			buildRules = (
			);
			dependencies = (
			);
			name = QLog;
			productName = QLog;
			productReference = 9FE859FB1EFAA73600560920 /* QLog.framework */;
			productType = "com.apple.product-type.framework";
		};
		9FE85A031EFAA73700560920 /* QLogTests */ = {
			isa = PBXNativeTarget;
			buildConfigurationList = 9FE85A121EFAA73700560920 /* Build configuration list for PBXNativeTarget "QLogTests" */;
			buildPhases = (
				9F6B9603228F5730006433F0 /* ShellScript */,
				9FA687472055DA0700CD877D /* ShellScript */,
				9FE85A001EFAA73700560920 /* Sources */,
				9FE85A011EFAA73700560920 /* Frameworks */,
				9FE85A021EFAA73700560920 /* Resources */,
				9F4BC0E82093CD6A00BDA8EB /* ShellScript */,
			);
			buildRules = (
			);
			dependencies = (
				9FE85A071EFAA73700560920 /* PBXTargetDependency */,
				9F48D0E22210C76000DB9472 /* PBXTargetDependency */,
			);
			name = QLogTests;
			productName = QLogTests;
			productReference = 9FE85A041EFAA73700560920 /* QLogTests.xctest */;
			productType = "com.apple.product-type.bundle.unit-test";
		};
/* End PBXNativeTarget section */

/* Begin PBXProject section */
		9FE859F21EFAA73600560920 /* Project object */ = {
			isa = PBXProject;
			attributes = {
				LastSwiftUpdateCheck = 1010;
				LastUpgradeCheck = 1020;
				ORGANIZATIONNAME = Quantum;
				TargetAttributes = {
					9F48D0C22210C76000DB9472 = {
						CreatedOnToolsVersion = 10.1;
						LastSwiftMigration = 1020;
						ProvisioningStyle = Automatic;
					};
					9FE859FA1EFAA73600560920 = {
						CreatedOnToolsVersion = 8.3.2;
						LastSwiftMigration = 1020;
						ProvisioningStyle = Automatic;
					};
					9FE85A031EFAA73700560920 = {
						CreatedOnToolsVersion = 8.3.2;
						LastSwiftMigration = 1020;
						ProvisioningStyle = Automatic;
						TestTargetID = 9F48D0C22210C76000DB9472;
					};
				};
			};
			buildConfigurationList = 9FE859F51EFAA73600560920 /* Build configuration list for PBXProject "QLog" */;
			compatibilityVersion = "Xcode 3.2";
			developmentRegion = en;
			hasScannedForEncodings = 0;
			knownRegions = (
				en,
				Base,
			);
			mainGroup = 9FE859F11EFAA73600560920;
			productRefGroup = 9FE859FC1EFAA73600560920 /* Products */;
			projectDirPath = "";
			projectRoot = "";
			targets = (
				9FE859FA1EFAA73600560920 /* QLog */,
				9FE85A031EFAA73700560920 /* QLogTests */,
				9F48D0C22210C76000DB9472 /* QLogTestsHostApp */,
			);
		};
/* End PBXProject section */

/* Begin PBXResourcesBuildPhase section */
		9F48D0C12210C76000DB9472 /* Resources */ = {
			isa = PBXResourcesBuildPhase;
			buildActionMask = 2147483647;
			files = (
				9F48D0E72210C76000DB9472 /* Default-568h@2x.png in Resources */,
			);
			runOnlyForDeploymentPostprocessing = 0;
		};
		9FE859F91EFAA73600560920 /* Resources */ = {
			isa = PBXResourcesBuildPhase;
			buildActionMask = 2147483647;
			files = (
				9FE85A671EFACEB300560920 /* LiveLogViewController.xib in Resources */,
				9F0255E320966AA3002C1BDE /* ArchiveLogViewController.xib in Resources */,
				D270AF6A2099B1AD0059AE0F /* SupportPackageViewController.xib in Resources */,
				98C44B283F8E054C02CE9F24 /* TableViewCell.xib in Resources */,
			);
			runOnlyForDeploymentPostprocessing = 0;
		};
		9FE85A021EFAA73700560920 /* Resources */ = {
			isa = PBXResourcesBuildPhase;
			buildActionMask = 2147483647;
			files = (
			);
			runOnlyForDeploymentPostprocessing = 0;
		};
/* End PBXResourcesBuildPhase section */

/* Begin PBXShellScriptBuildPhase section */
		9F0325AF1F731560008F2BEE /* ShellScript */ = {
			isa = PBXShellScriptBuildPhase;
			buildActionMask = 2147483647;
			files = (
			);
			inputPaths = (
			);
			outputPaths = (
			);
			runOnlyForDeploymentPostprocessing = 0;
			shellPath = /bin/sh;
			shellScript = "if which swiftlint >/dev/null; then\n    cd QLog\n    swiftlint\nelse\n    echo \"warning: SwiftLint not installed, download from https://github.com/realm/SwiftLint\"\nfi\n";
		};
		9F4BC0E82093CD6A00BDA8EB /* ShellScript */ = {
			isa = PBXShellScriptBuildPhase;
			buildActionMask = 2147483647;
			files = (
			);
			inputPaths = (
			);
			outputPaths = (
			);
			runOnlyForDeploymentPostprocessing = 0;
			shellPath = /bin/sh;
			shellScript = "if which swiftlint >/dev/null; then\n    cd QLogTests\n    swiftlint\nelse\n    echo \"warning: SwiftLint not installed, download from https://github.com/realm/SwiftLint\"\nfi\n";
		};
		9F6B9603228F5730006433F0 /* ShellScript */ = {
			isa = PBXShellScriptBuildPhase;
			buildActionMask = 2147483647;
			files = (
			);
			inputFileListPaths = (
			);
			inputPaths = (
				"$(SRCROOT)/Carthage/Build/iOS/Cuckoo.framework",
			);
			outputFileListPaths = (
			);
			outputPaths = (
				"$(BUILT_PRODUCTS_DIR)/$(FRAMEWORKS_FOLDER_PATH)/Cuckoo.framework",
			);
			runOnlyForDeploymentPostprocessing = 0;
			shellPath = /bin/sh;
			shellScript = "/usr/local/bin/carthage copy-frameworks\n";
		};
		9F6B9605228F57F8006433F0 /* ShellScript */ = {
			isa = PBXShellScriptBuildPhase;
			buildActionMask = 2147483647;
			files = (
			);
			inputFileListPaths = (
			);
			inputPaths = (
				"$(SRCROOT)/Carthage/Build/iOS/Zip.framework",
			);
			outputFileListPaths = (
			);
			outputPaths = (
				"$(BUILT_PRODUCTS_DIR)/$(FRAMEWORKS_FOLDER_PATH)/Zip.framework",
			);
			runOnlyForDeploymentPostprocessing = 0;
			shellPath = /bin/sh;
			shellScript = "/usr/local/bin/carthage copy-frameworks\n";
		};
		9FA687472055DA0700CD877D /* ShellScript */ = {
			isa = PBXShellScriptBuildPhase;
			buildActionMask = 2147483647;
			files = (
			);
			inputPaths = (
				"$(SRCROOT)/QLog/QLog.swift",
				"$(SRCROOT)/QLog/Logger.swift",
				"$(SRCROOT)/QLog/XcodeLogger.swift",
				"$(SRCROOT)/QLog/LiveLogViewController.swift",
				"$(SRCROOT)/QLog/SupportPackageViewController.swift",
				"$(SRCROOT)/QLog/AppsTableViewController.swift",
				"$(SRCROOT)/QLog/LiveLogCoordinator.swift",
			);
			outputPaths = (
			);
			runOnlyForDeploymentPostprocessing = 0;
			shellPath = /bin/sh;
			shellScript = "# Define output file. Change \"$PROJECT_DIR/Tests\" to your test's root source folder, if it's not the default name.\nOUTPUT_FILE=\"$PROJECT_DIR/QLogTests/GeneratedMocks.swift\"\necho \"Generated Mocks File = $OUTPUT_FILE\"\n\n# Define input directory. Change \"$PROJECT_DIR\" to your project's root source folder, if it's not the default name.\nINPUT_DIR=\"$PROJECT_DIR\"\necho \"Mocks Input Directory = $INPUT_DIR\"\n\n# Generate mock files, include as many input files as you'd like to create mocks for.\nCarthage/Checkouts/Cuckoo/run generate --testable \"$PROJECT_NAME\" \\\n--output \"${OUTPUT_FILE}\"\n";
		};
/* End PBXShellScriptBuildPhase section */

/* Begin PBXSourcesBuildPhase section */
		9F48D0BF2210C76000DB9472 /* Sources */ = {
			isa = PBXSourcesBuildPhase;
			buildActionMask = 2147483647;
			files = (
				9F48D0C82210C76000DB9472 /* ViewController.swift in Sources */,
				9F48D0C62210C76000DB9472 /* AppDelegate.swift in Sources */,
				9F48D0DE2210C76000DB9472 /* main.swift in Sources */,
			);
			runOnlyForDeploymentPostprocessing = 0;
		};
		9FE859F61EFAA73600560920 /* Sources */ = {
			isa = PBXSourcesBuildPhase;
			buildActionMask = 2147483647;
			files = (
				9FE85A3F1EFAA85500560920 /* QLog.swift in Sources */,
				D2B472CA1F6ABBF700823E27 /* CornerSwipeController.swift in Sources */,
				98C447E6D0BD8EDF28AAE684 /* AppsTableViewController.swift in Sources */,
				9FF41616202BB67A00566B93 /* UIApplication.swift in Sources */,
				98C441B8DCC375B975F387B8 /* LogsTableViewController.swift in Sources */,
				9F5449192225F757006A8393 /* AppsTableCoordinator.swift in Sources */,
				9F5449102225F756006A8393 /* LiveLogCoordinator.swift in Sources */,
				9FF4161B202BB90E00566B93 /* LogEntry.swift in Sources */,
				98C44D66CC9B368B2253C96D /* LiveLogViewController.swift in Sources */,
				98C446E935CBEF5765F7007D /* TableViewCell.swift in Sources */,
				9F0255E220966AA3002C1BDE /* ArchiveLogViewController.swift in Sources */,
				D270AF6B2099B1AD0059AE0F /* SupportPackageViewController.swift in Sources */,
				9F0325911F7286E2008F2BEE /* Coordinator.swift in Sources */,
				9F9A5EC1221B73E5006A105B /* ArchiveLogCoordinator.swift in Sources */,
				9F9A5EB5221A0396006A105B /* SupportPackageCoordinator.swift in Sources */,
				9FF4161D202BBC7F00566B93 /* Logger.swift in Sources */,
				9F0325951F7289D4008F2BEE /* FrameworkCoordinator.swift in Sources */,
				9FF41642202E00A400566B93 /* FileLogger.swift in Sources */,
				9FF41646202E14A500566B93 /* AppCodeLogger.swift in Sources */,
				9FF41644202E012100566B93 /* UiLogger.swift in Sources */,
				9F0325931F728922008F2BEE /* RootViewCoordinator.swift in Sources */,
				9FF41621202BC71800566B93 /* LogLevel.swift in Sources */,
				9F9A5EC3221B75B5006A105B /* LogsTableCoordinator.swift in Sources */,
				9FF4161F202BBCBF00566B93 /* XcodeLogger.swift in Sources */,
			);
			runOnlyForDeploymentPostprocessing = 0;
		};
		9FE85A001EFAA73700560920 /* Sources */ = {
			isa = PBXSourcesBuildPhase;
			buildActionMask = 2147483647;
			files = (
				9F57DAE42225F58D0024FE5B /* ArchiveLogViewControllerTests.swift in Sources */,
				9F57DAD9222348D50024FE5B /* UIApplicationTests.swift in Sources */,
				9F57DADF22247F200024FE5B /* FileLoggerTests.swift in Sources */,
				9F57DAEC222885600024FE5B /* ArchiveLogCoordinatorTests.swift in Sources */,
				9F57DAE22225EE4A0024FE5B /* AppsTableViewControllerTests.swift in Sources */,
				9F57DAD8222348D10024FE5B /* FrameworkCoordinatorTests.swift in Sources */,
				9F57DADD22247EEA0024FE5B /* AppCodeLoggerTests.swift in Sources */,
				9F0EF5EB222B303E0060BBB0 /* LogViewControllerTests.swift in Sources */,
				9F57DACC222348150024FE5B /* TestAppDelegate.swift in Sources */,
				9F57DACB222347FF0024FE5B /* QLogTests.swift in Sources */,
				9F57DADA222348D80024FE5B /* GeneratedMocks.swift in Sources */,
				9F57DAE32225F5710024FE5B /* LogsTableViewControllerTests.swift in Sources */,
				9F57DAE822272BEF0024FE5B /* AppsTableCoordinatorTests.swift in Sources */,
				9F0EF5EE222C76630060BBB0 /* SupportPackageCoordinatorTests.swift in Sources */,
				9F57DAE022247F540024FE5B /* UiLoggerTests.swift in Sources */,
				9F57DADE22247F060024FE5B /* XcodeLoggerTests.swift in Sources */,
				9F57DAE52225F5B70024FE5B /* SupportPackageViewControllerTests.swift in Sources */,
				9F57DADC22247EDA0024FE5B /* LoggerTests.swift in Sources */,
				9F57DAEF222B2E120024FE5B /* LiveLogCoordinatorTests.swift in Sources */,
				9F57DAEA222885600024FE5B /* LogsTableCoordinatorTests.swift in Sources */,
				9F57DADB22247EC30024FE5B /* LogEntryTests.swift in Sources */,
			);
			runOnlyForDeploymentPostprocessing = 0;
		};
/* End PBXSourcesBuildPhase section */

/* Begin PBXTargetDependency section */
		9F48D0E22210C76000DB9472 /* PBXTargetDependency */ = {
			isa = PBXTargetDependency;
			target = 9F48D0C22210C76000DB9472 /* QLogTestsHostApp */;
			targetProxy = 9F48D0E12210C76000DB9472 /* PBXContainerItemProxy */;
		};
		9FE85A071EFAA73700560920 /* PBXTargetDependency */ = {
			isa = PBXTargetDependency;
			target = 9FE859FA1EFAA73600560920 /* QLog */;
			targetProxy = 9FE85A061EFAA73700560920 /* PBXContainerItemProxy */;
		};
/* End PBXTargetDependency section */

/* Begin XCBuildConfiguration section */
		9F48D0D22210C76000DB9472 /* Debug */ = {
			isa = XCBuildConfiguration;
			buildSettings = {
				CLANG_CXX_LANGUAGE_STANDARD = "gnu++14";
				CLANG_ENABLE_OBJC_WEAK = YES;
				CLANG_WARN_UNGUARDED_AVAILABILITY = YES_AGGRESSIVE;
				CODE_SIGN_IDENTITY = "iPhone Developer";
				CODE_SIGN_STYLE = Automatic;
				DEVELOPMENT_TEAM = "";
				GCC_C_LANGUAGE_STANDARD = gnu11;
				INFOPLIST_FILE = QLogTestsHostApp/Info.plist;
				IPHONEOS_DEPLOYMENT_TARGET = 10.0;
				LD_RUNPATH_SEARCH_PATHS = "$(inherited) @executable_path/Frameworks";
				MTL_ENABLE_DEBUG_INFO = INCLUDE_SOURCE;
				MTL_FAST_MATH = YES;
				PRODUCT_BUNDLE_IDENTIFIER = qa.quantum.QLogTestsHostApp;
				PRODUCT_NAME = "$(TARGET_NAME)";
				TARGETED_DEVICE_FAMILY = "1,2";
			};
			name = Debug;
		};
		9F48D0D32210C76000DB9472 /* Release */ = {
			isa = XCBuildConfiguration;
			buildSettings = {
				CLANG_CXX_LANGUAGE_STANDARD = "gnu++14";
				CLANG_ENABLE_OBJC_WEAK = YES;
				CLANG_WARN_UNGUARDED_AVAILABILITY = YES_AGGRESSIVE;
				CODE_SIGN_IDENTITY = "iPhone Developer";
				CODE_SIGN_STYLE = Automatic;
				DEVELOPMENT_TEAM = "";
				GCC_C_LANGUAGE_STANDARD = gnu11;
				INFOPLIST_FILE = QLogTestsHostApp/Info.plist;
				IPHONEOS_DEPLOYMENT_TARGET = 10.0;
				LD_RUNPATH_SEARCH_PATHS = "$(inherited) @executable_path/Frameworks";
				MTL_FAST_MATH = YES;
				PRODUCT_BUNDLE_IDENTIFIER = qa.quantum.QLogTestsHostApp;
				PRODUCT_NAME = "$(TARGET_NAME)";
				TARGETED_DEVICE_FAMILY = "1,2";
			};
			name = Release;
		};
		9FE85A0D1EFAA73700560920 /* Debug */ = {
			isa = XCBuildConfiguration;
			buildSettings = {
				ALWAYS_SEARCH_USER_PATHS = NO;
				CLANG_ANALYZER_NONNULL = YES;
				CLANG_ANALYZER_NUMBER_OBJECT_CONVERSION = YES_AGGRESSIVE;
				CLANG_CXX_LANGUAGE_STANDARD = "gnu++0x";
				CLANG_CXX_LIBRARY = "libc++";
				CLANG_ENABLE_MODULES = YES;
				CLANG_ENABLE_OBJC_ARC = YES;
				CLANG_WARN_BLOCK_CAPTURE_AUTORELEASING = YES;
				CLANG_WARN_BOOL_CONVERSION = YES;
				CLANG_WARN_COMMA = YES;
				CLANG_WARN_CONSTANT_CONVERSION = YES;
				CLANG_WARN_DEPRECATED_OBJC_IMPLEMENTATIONS = YES;
				CLANG_WARN_DIRECT_OBJC_ISA_USAGE = YES_ERROR;
				CLANG_WARN_DOCUMENTATION_COMMENTS = YES;
				CLANG_WARN_EMPTY_BODY = YES;
				CLANG_WARN_ENUM_CONVERSION = YES;
				CLANG_WARN_INFINITE_RECURSION = YES;
				CLANG_WARN_INT_CONVERSION = YES;
				CLANG_WARN_NON_LITERAL_NULL_CONVERSION = YES;
				CLANG_WARN_OBJC_IMPLICIT_RETAIN_SELF = YES;
				CLANG_WARN_OBJC_LITERAL_CONVERSION = YES;
				CLANG_WARN_OBJC_ROOT_CLASS = YES_ERROR;
				CLANG_WARN_RANGE_LOOP_ANALYSIS = YES;
				CLANG_WARN_STRICT_PROTOTYPES = YES;
				CLANG_WARN_SUSPICIOUS_MOVE = YES;
				CLANG_WARN_UNREACHABLE_CODE = YES;
				CLANG_WARN__DUPLICATE_METHOD_MATCH = YES;
				COPY_PHASE_STRIP = NO;
				CURRENT_PROJECT_VERSION = 1;
				DEBUG_INFORMATION_FORMAT = dwarf;
				ENABLE_STRICT_OBJC_MSGSEND = YES;
				ENABLE_TESTABILITY = YES;
				GCC_C_LANGUAGE_STANDARD = gnu99;
				GCC_DYNAMIC_NO_PIC = NO;
				GCC_NO_COMMON_BLOCKS = YES;
				GCC_OPTIMIZATION_LEVEL = 0;
				GCC_PREPROCESSOR_DEFINITIONS = (
					"DEBUG=1",
					"$(inherited)",
				);
				GCC_WARN_64_TO_32_BIT_CONVERSION = YES;
				GCC_WARN_ABOUT_RETURN_TYPE = YES_ERROR;
				GCC_WARN_UNDECLARED_SELECTOR = YES;
				GCC_WARN_UNINITIALIZED_AUTOS = YES_AGGRESSIVE;
				GCC_WARN_UNUSED_FUNCTION = YES;
				GCC_WARN_UNUSED_VARIABLE = YES;
				IPHONEOS_DEPLOYMENT_TARGET = 10.0;
				MTL_ENABLE_DEBUG_INFO = YES;
				ONLY_ACTIVE_ARCH = YES;
				SDKROOT = iphoneos;
				SWIFT_ACTIVE_COMPILATION_CONDITIONS = DEBUG;
				SWIFT_OPTIMIZATION_LEVEL = "-Onone";
				SWIFT_VERSION = 5.0;
				TARGETED_DEVICE_FAMILY = "1,2";
				VERSIONING_SYSTEM = "apple-generic";
				VERSION_INFO_PREFIX = "";
			};
			name = Debug;
		};
		9FE85A0E1EFAA73700560920 /* Release */ = {
			isa = XCBuildConfiguration;
			buildSettings = {
				ALWAYS_SEARCH_USER_PATHS = NO;
				CLANG_ANALYZER_NONNULL = YES;
				CLANG_ANALYZER_NUMBER_OBJECT_CONVERSION = YES_AGGRESSIVE;
				CLANG_CXX_LANGUAGE_STANDARD = "gnu++0x";
				CLANG_CXX_LIBRARY = "libc++";
				CLANG_ENABLE_MODULES = YES;
				CLANG_ENABLE_OBJC_ARC = YES;
				CLANG_WARN_BLOCK_CAPTURE_AUTORELEASING = YES;
				CLANG_WARN_BOOL_CONVERSION = YES;
				CLANG_WARN_COMMA = YES;
				CLANG_WARN_CONSTANT_CONVERSION = YES;
				CLANG_WARN_DEPRECATED_OBJC_IMPLEMENTATIONS = YES;
				CLANG_WARN_DIRECT_OBJC_ISA_USAGE = YES_ERROR;
				CLANG_WARN_DOCUMENTATION_COMMENTS = YES;
				CLANG_WARN_EMPTY_BODY = YES;
				CLANG_WARN_ENUM_CONVERSION = YES;
				CLANG_WARN_INFINITE_RECURSION = YES;
				CLANG_WARN_INT_CONVERSION = YES;
				CLANG_WARN_NON_LITERAL_NULL_CONVERSION = YES;
				CLANG_WARN_OBJC_IMPLICIT_RETAIN_SELF = YES;
				CLANG_WARN_OBJC_LITERAL_CONVERSION = YES;
				CLANG_WARN_OBJC_ROOT_CLASS = YES_ERROR;
				CLANG_WARN_RANGE_LOOP_ANALYSIS = YES;
				CLANG_WARN_STRICT_PROTOTYPES = YES;
				CLANG_WARN_SUSPICIOUS_MOVE = YES;
				CLANG_WARN_UNREACHABLE_CODE = YES;
				CLANG_WARN__DUPLICATE_METHOD_MATCH = YES;
				COPY_PHASE_STRIP = NO;
				CURRENT_PROJECT_VERSION = 1;
				DEBUG_INFORMATION_FORMAT = "dwarf-with-dsym";
				ENABLE_NS_ASSERTIONS = NO;
				ENABLE_STRICT_OBJC_MSGSEND = YES;
				GCC_C_LANGUAGE_STANDARD = gnu99;
				GCC_NO_COMMON_BLOCKS = YES;
				GCC_WARN_64_TO_32_BIT_CONVERSION = YES;
				GCC_WARN_ABOUT_RETURN_TYPE = YES_ERROR;
				GCC_WARN_UNDECLARED_SELECTOR = YES;
				GCC_WARN_UNINITIALIZED_AUTOS = YES_AGGRESSIVE;
				GCC_WARN_UNUSED_FUNCTION = YES;
				GCC_WARN_UNUSED_VARIABLE = YES;
				IPHONEOS_DEPLOYMENT_TARGET = 10.0;
				MTL_ENABLE_DEBUG_INFO = NO;
				SDKROOT = iphoneos;
				SWIFT_OPTIMIZATION_LEVEL = "-Owholemodule";
				SWIFT_VERSION = 5.0;
				TARGETED_DEVICE_FAMILY = "1,2";
				VALIDATE_PRODUCT = YES;
				VERSIONING_SYSTEM = "apple-generic";
				VERSION_INFO_PREFIX = "";
			};
			name = Release;
		};
		9FE85A101EFAA73700560920 /* Debug */ = {
			isa = XCBuildConfiguration;
			buildSettings = {
				CLANG_ENABLE_MODULES = YES;
				DEFINES_MODULE = YES;
				DYLIB_COMPATIBILITY_VERSION = 1;
				DYLIB_CURRENT_VERSION = 1;
				DYLIB_INSTALL_NAME_BASE = "@rpath";
				FRAMEWORK_SEARCH_PATHS = (
					"$(inherited)",
					"$(PROJECT_DIR)/Carthage/Build/iOS",
				);
				INFOPLIST_FILE = "$(SRCROOT)/QLog/Info.plist";
				INSTALL_PATH = "$(LOCAL_LIBRARY_DIR)/Frameworks";
				IPHONEOS_DEPLOYMENT_TARGET = 10.0;
				LD_RUNPATH_SEARCH_PATHS = "$(inherited) @executable_path/Frameworks @loader_path/Frameworks";
				PRODUCT_BUNDLE_IDENTIFIER = qa.quantum.QLog;
				PRODUCT_NAME = "$(TARGET_NAME)";
				SKIP_INSTALL = YES;
				SWIFT_OPTIMIZATION_LEVEL = "-Onone";
			};
			name = Debug;
		};
		9FE85A111EFAA73700560920 /* Release */ = {
			isa = XCBuildConfiguration;
			buildSettings = {
				CLANG_ENABLE_MODULES = YES;
				DEFINES_MODULE = YES;
				DYLIB_COMPATIBILITY_VERSION = 1;
				DYLIB_CURRENT_VERSION = 1;
				DYLIB_INSTALL_NAME_BASE = "@rpath";
				FRAMEWORK_SEARCH_PATHS = (
					"$(inherited)",
					"$(PROJECT_DIR)/Carthage/Build/iOS",
				);
				INFOPLIST_FILE = "$(SRCROOT)/QLog/Info.plist";
				INSTALL_PATH = "$(LOCAL_LIBRARY_DIR)/Frameworks";
				IPHONEOS_DEPLOYMENT_TARGET = 10.0;
				LD_RUNPATH_SEARCH_PATHS = "$(inherited) @executable_path/Frameworks @loader_path/Frameworks";
				PRODUCT_BUNDLE_IDENTIFIER = qa.quantum.QLog;
				PRODUCT_NAME = "$(TARGET_NAME)";
				SKIP_INSTALL = YES;
			};
			name = Release;
		};
		9FE85A131EFAA73700560920 /* Debug */ = {
			isa = XCBuildConfiguration;
			buildSettings = {
				ALWAYS_EMBED_SWIFT_STANDARD_LIBRARIES = YES;
				DEVELOPMENT_TEAM = "";
				FRAMEWORK_SEARCH_PATHS = (
					"$(inherited)",
					"$(PROJECT_DIR)/Carthage/Build/iOS",
				);
				INFOPLIST_FILE = QLogTests/Info.plist;
				LD_RUNPATH_SEARCH_PATHS = "$(inherited) @executable_path/Frameworks @loader_path/Frameworks";
				PRODUCT_BUNDLE_IDENTIFIER = qa.quantum.QLogTests;
				PRODUCT_NAME = "$(TARGET_NAME)";
				TEST_HOST = "$(BUILT_PRODUCTS_DIR)/QLogTestsHostApp.app/QLogTestsHostApp";
			};
			name = Debug;
		};
		9FE85A141EFAA73700560920 /* Release */ = {
			isa = XCBuildConfiguration;
			buildSettings = {
				ALWAYS_EMBED_SWIFT_STANDARD_LIBRARIES = YES;
				DEVELOPMENT_TEAM = "";
				FRAMEWORK_SEARCH_PATHS = (
					"$(inherited)",
					"$(PROJECT_DIR)/Carthage/Build/iOS",
				);
				INFOPLIST_FILE = QLogTests/Info.plist;
				LD_RUNPATH_SEARCH_PATHS = "$(inherited) @executable_path/Frameworks @loader_path/Frameworks";
				PRODUCT_BUNDLE_IDENTIFIER = qa.quantum.QLogTests;
				PRODUCT_NAME = "$(TARGET_NAME)";
				TEST_HOST = "$(BUILT_PRODUCTS_DIR)/QLogTestsHostApp.app/QLogTestsHostApp";
			};
			name = Release;
		};
/* End XCBuildConfiguration section */

/* Begin XCConfigurationList section */
		9F48D0DB2210C76000DB9472 /* Build configuration list for PBXNativeTarget "QLogTestsHostApp" */ = {
			isa = XCConfigurationList;
			buildConfigurations = (
				9F48D0D22210C76000DB9472 /* Debug */,
				9F48D0D32210C76000DB9472 /* Release */,
			);
			defaultConfigurationIsVisible = 0;
			defaultConfigurationName = Release;
		};
		9FE859F51EFAA73600560920 /* Build configuration list for PBXProject "QLog" */ = {
			isa = XCConfigurationList;
			buildConfigurations = (
				9FE85A0D1EFAA73700560920 /* Debug */,
				9FE85A0E1EFAA73700560920 /* Release */,
			);
			defaultConfigurationIsVisible = 0;
			defaultConfigurationName = Release;
		};
		9FE85A0F1EFAA73700560920 /* Build configuration list for PBXNativeTarget "QLog" */ = {
			isa = XCConfigurationList;
			buildConfigurations = (
				9FE85A101EFAA73700560920 /* Debug */,
				9FE85A111EFAA73700560920 /* Release */,
			);
			defaultConfigurationIsVisible = 0;
			defaultConfigurationName = Release;
		};
		9FE85A121EFAA73700560920 /* Build configuration list for PBXNativeTarget "QLogTests" */ = {
			isa = XCConfigurationList;
			buildConfigurations = (
				9FE85A131EFAA73700560920 /* Debug */,
				9FE85A141EFAA73700560920 /* Release */,
			);
			defaultConfigurationIsVisible = 0;
			defaultConfigurationName = Release;
		};
/* End XCConfigurationList section */
	};
	rootObject = 9FE859F21EFAA73600560920 /* Project object */;
}
